{
    "_meta": {
        "hash": {
            "sha256": "d66807e621293ee94606d37745efcfb25cda56bfba7f7f89f394ee329ecfeaf9"
        },
        "requires": {},
        "sources": [
            {
                "url": "https://pypi.python.org/simple",
                "verify_ssl": true
            }
        ]
    },
    "default": {
        "attrs": {
            "version": "==17.2.0"
        }
    },
    "develop": {
        "apipkg": {
            "version": "==1.4"
        },
        "execnet": {
            "version": "==1.4.1"
        },
        "pep8": {
            "version": "==1.7.0"
        },
        "py": {
            "version": "==1.4.34"
        },
        "pytest": {
            "version": "==3.2.1"
        },
        "pytest-cache": {
            "version": "==1.0"
        },
        "pytest-pep8": {
            "version": "==1.0.6"
        },
        "setuptools": {
            "version": "==36.3.0"
        }
    }
}
